// !$*UTF8*$!
{
	archiveVersion = 1;
	classes = {
	};
	objectVersion = 46;
	objects = {

/* Begin PBXBuildFile section */
		D761C9FF1E98E7C10093F74E /* main.c in Sources */ = {isa = PBXBuildFile; fileRef = D761C9FE1E98E7C10093F74E /* main.c */; };
		D761CA071E98F0670093F74E /* IDPMamaPapa.c in Sources */ = {isa = PBXBuildFile; fileRef = D761CA051E98F0670093F74E /* IDPMamaPapa.c */; };
		D761CA0D1E98FA6B0093F74E /* IDPFunctionMacro.c in Sources */ = {isa = PBXBuildFile; fileRef = D761CA0B1E98FA6B0093F74E /* IDPFunctionMacro.c */; };
		D761CA101E9901B10093F74E /* IDPBits.c in Sources */ = {isa = PBXBuildFile; fileRef = D761CA0E1E9901B10093F74E /* IDPBits.c */; };
		D761CA131E990CB70093F74E /* IDPArray.c in Sources */ = {isa = PBXBuildFile; fileRef = D761CA111E990CB70093F74E /* IDPArray.c */; };
/* End PBXBuildFile section */

/* Begin PBXCopyFilesBuildPhase section */
		D761C9F91E98E7C10093F74E /* CopyFiles */ = {
			isa = PBXCopyFilesBuildPhase;
			buildActionMask = 2147483647;
			dstPath = /usr/share/man/man1/;
			dstSubfolderSpec = 0;
			files = (
			);
			runOnlyForDeploymentPostprocessing = 1;
		};
/* End PBXCopyFilesBuildPhase section */

/* Begin PBXFileReference section */
		D761C9FB1E98E7C10093F74E /* Test */ = {isa = PBXFileReference; explicitFileType = "compiled.mach-o.executable"; includeInIndex = 0; path = Test; sourceTree = BUILT_PRODUCTS_DIR; };
		D761C9FE1E98E7C10093F74E /* main.c */ = {isa = PBXFileReference; lastKnownFileType = sourcecode.c.c; path = main.c; sourceTree = "<group>"; };
		D761CA051E98F0670093F74E /* IDPMamaPapa.c */ = {isa = PBXFileReference; fileEncoding = 4; lastKnownFileType = sourcecode.c.c; path = IDPMamaPapa.c; sourceTree = "<group>"; };
		D761CA061E98F0670093F74E /* IDPMamaPapa.h */ = {isa = PBXFileReference; fileEncoding = 4; lastKnownFileType = sourcecode.c.h; path = IDPMamaPapa.h; sourceTree = "<group>"; };
		D761CA0B1E98FA6B0093F74E /* IDPFunctionMacro.c */ = {isa = PBXFileReference; fileEncoding = 4; lastKnownFileType = sourcecode.c.c; path = IDPFunctionMacro.c; sourceTree = "<group>"; };
		D761CA0C1E98FA6B0093F74E /* IDPFunctionMacro.h */ = {isa = PBXFileReference; fileEncoding = 4; lastKnownFileType = sourcecode.c.h; path = IDPFunctionMacro.h; sourceTree = "<group>"; };
		D761CA0E1E9901B10093F74E /* IDPBits.c */ = {isa = PBXFileReference; fileEncoding = 4; lastKnownFileType = sourcecode.c.c; path = IDPBits.c; sourceTree = "<group>"; };
		D761CA0F1E9901B10093F74E /* IDPBits.h */ = {isa = PBXFileReference; fileEncoding = 4; lastKnownFileType = sourcecode.c.h; path = IDPBits.h; sourceTree = "<group>"; };
		D761CA111E990CB70093F74E /* IDPArray.c */ = {isa = PBXFileReference; fileEncoding = 4; lastKnownFileType = sourcecode.c.c; path = IDPArray.c; sourceTree = "<group>"; };
		D761CA121E990CB70093F74E /* IDPArray.h */ = {isa = PBXFileReference; fileEncoding = 4; lastKnownFileType = sourcecode.c.h; path = IDPArray.h; sourceTree = "<group>"; };
/* End PBXFileReference section */

/* Begin PBXFrameworksBuildPhase section */
		D761C9F81E98E7C10093F74E /* Frameworks */ = {
			isa = PBXFrameworksBuildPhase;
			buildActionMask = 2147483647;
			files = (
			);
			runOnlyForDeploymentPostprocessing = 0;
		};
/* End PBXFrameworksBuildPhase section */

/* Begin PBXGroup section */
		D761C9F21E98E7C10093F74E = {
			isa = PBXGroup;
			children = (
				D761C9FD1E98E7C10093F74E /* Test */,
				D761C9FC1E98E7C10093F74E /* Products */,
			);
			sourceTree = "<group>";
		};
		D761C9FC1E98E7C10093F74E /* Products */ = {
			isa = PBXGroup;
			children = (
				D761C9FB1E98E7C10093F74E /* Test */,
			);
			name = Products;
			sourceTree = "<group>";
		};
		D761C9FD1E98E7C10093F74E /* Test */ = {
			isa = PBXGroup;
			children = (
				D761C9FE1E98E7C10093F74E /* main.c */,
				D761CA051E98F0670093F74E /* IDPMamaPapa.c */,
				D761CA061E98F0670093F74E /* IDPMamaPapa.h */,
				D761CA0B1E98FA6B0093F74E /* IDPFunctionMacro.c */,
				D761CA0C1E98FA6B0093F74E /* IDPFunctionMacro.h */,
				D761CA0E1E9901B10093F74E /* IDPBits.c */,
				D761CA0F1E9901B10093F74E /* IDPBits.h */,
				D761CA111E990CB70093F74E /* IDPArray.c */,
				D761CA121E990CB70093F74E /* IDPArray.h */,
			);
			path = Test;
			sourceTree = "<group>";
		};
/* End PBXGroup section */

/* Begin PBXNativeTarget section */
		D761C9FA1E98E7C10093F74E /* Test */ = {
			isa = PBXNativeTarget;
			buildConfigurationList = D761CA021E98E7C10093F74E /* Build configuration list for PBXNativeTarget "Test" */;
			buildPhases = (
				D761C9F71E98E7C10093F74E /* Sources */,
				D761C9F81E98E7C10093F74E /* Frameworks */,
				D761C9F91E98E7C10093F74E /* CopyFiles */,
			);
			buildRules = (
			);
			dependencies = (
			);
			name = Test;
			productName = Test;
			productReference = D761C9FB1E98E7C10093F74E /* Test */;
			productType = "com.apple.product-type.tool";
		};
/* End PBXNativeTarget section */

/* Begin PBXProject section */
		D761C9F31E98E7C10093F74E /* Project object */ = {
			isa = PBXProject;
			attributes = {
				LastUpgradeCheck = 0800;
				ORGANIZATIONNAME = "IDAP Group";
				TargetAttributes = {
					D761C9FA1E98E7C10093F74E = {
						CreatedOnToolsVersion = 8.0;
						ProvisioningStyle = Automatic;
					};
				};
			};
			buildConfigurationList = D761C9F61E98E7C10093F74E /* Build configuration list for PBXProject "Test" */;
			compatibilityVersion = "Xcode 3.2";
			developmentRegion = English;
			hasScannedForEncodings = 0;
			knownRegions = (
				en,
			);
			mainGroup = D761C9F21E98E7C10093F74E;
			productRefGroup = D761C9FC1E98E7C10093F74E /* Products */;
			projectDirPath = "";
			projectRoot = "";
			targets = (
				D761C9FA1E98E7C10093F74E /* Test */,
			);
		};
/* End PBXProject section */

/* Begin PBXSourcesBuildPhase section */
		D761C9F71E98E7C10093F74E /* Sources */ = {
			isa = PBXSourcesBuildPhase;
			buildActionMask = 2147483647;
			files = (
				D761C9FF1E98E7C10093F74E /* main.c in Sources */,
				D761CA101E9901B10093F74E /* IDPBits.c in Sources */,
				D761CA131E990CB70093F74E /* IDPArray.c in Sources */,
				D761CA0D1E98FA6B0093F74E /* IDPFunctionMacro.c in Sources */,
				D761CA071E98F0670093F74E /* IDPMamaPapa.c in Sources */,
			);
			runOnlyForDeploymentPostprocessing = 0;
		};
/* End PBXSourcesBuildPhase section */

/* Begin XCBuildConfiguration section */
		D761CA001E98E7C10093F74E /* Debug */ = {
			isa = XCBuildConfiguration;
			buildSettings = {
				ALWAYS_SEARCH_USER_PATHS = NO;
				CLANG_ANALYZER_NONNULL = YES;
				CLANG_CXX_LANGUAGE_STANDARD = "gnu++0x";
				CLANG_CXX_LIBRARY = "libc++";
				CLANG_ENABLE_MODULES = YES;
				CLANG_ENABLE_OBJC_ARC = YES;
				CLANG_WARN_BOOL_CONVERSION = YES;
				CLANG_WARN_CONSTANT_CONVERSION = YES;
				CLANG_WARN_DIRECT_OBJC_ISA_USAGE = YES_ERROR;
				CLANG_WARN_DOCUMENTATION_COMMENTS = YES;
				CLANG_WARN_EMPTY_BODY = YES;
				CLANG_WARN_ENUM_CONVERSION = YES;
				CLANG_WARN_INFINITE_RECURSION = YES;
				CLANG_WARN_INT_CONVERSION = YES;
				CLANG_WARN_OBJC_ROOT_CLASS = YES_ERROR;
				CLANG_WARN_SUSPICIOUS_MOVES = YES;
				CLANG_WARN_UNREACHABLE_CODE = YES;
				CLANG_WARN__DUPLICATE_METHOD_MATCH = YES;
				CODE_SIGN_IDENTITY = "-";
				COPY_PHASE_STRIP = NO;
				DEBUG_INFORMATION_FORMAT = dwarf;
				ENABLE_STRICT_OBJC_MSGSEND = YES;
				ENABLE_TESTABILITY = YES;
				GCC_C_LANGUAGE_STANDARD = gnu99;
				GCC_DYNAMIC_NO_PIC = NO;
				GCC_NO_COMMON_BLOCKS = YES;
				GCC_OPTIMIZATION_LEVEL = 0;
				GCC_PREPROCESSOR_DEFINITIONS = (
					"DEBUG=1",
					"$(inherited)",
				);
				GCC_WARN_64_TO_32_BIT_CONVERSION = YES;
				GCC_WARN_ABOUT_RETURN_TYPE = YES_ERROR;
				GCC_WARN_UNDECLARED_SELECTOR = YES;
				GCC_WARN_UNINITIALIZED_AUTOS = YES_AGGRESSIVE;
				GCC_WARN_UNUSED_FUNCTION = YES;
				GCC_WARN_UNUSED_VARIABLE = YES;
				MACOSX_DEPLOYMENT_TARGET = 10.11;
				MTL_ENABLE_DEBUG_INFO = YES;
				ONLY_ACTIVE_ARCH = YES;
				SDKROOT = macosx;
			};
			name = Debug;
		};
		D761CA011E98E7C10093F74E /* Release */ = {
			isa = XCBuildConfiguration;
			buildSettings = {
				ALWAYS_SEARCH_USER_PATHS = NO;
				CLANG_ANALYZER_NONNULL = YES;
				CLANG_CXX_LANGUAGE_STANDARD = "gnu++0x";
				CLANG_CXX_LIBRARY = "libc++";
				CLANG_ENABLE_MODULES = YES;
				CLANG_ENABLE_OBJC_ARC = YES;
				CLANG_WARN_BOOL_CONVERSION = YES;
				CLANG_WARN_CONSTANT_CONVERSION = YES;
				CLANG_WARN_DIRECT_OBJC_ISA_USAGE = YES_ERROR;
				CLANG_WARN_DOCUMENTATION_COMMENTS = YES;
				CLANG_WARN_EMPTY_BODY = YES;
				CLANG_WARN_ENUM_CONVERSION = YES;
				CLANG_WARN_INFINITE_RECURSION = YES;
				CLANG_WARN_INT_CONVERSION = YES;
				CLANG_WARN_OBJC_ROOT_CLASS = YES_ERROR;
				CLANG_WARN_SUSPICIOUS_MOVES = YES;
				CLANG_WARN_UNREACHABLE_CODE = YES;
				CLANG_WARN__DUPLICATE_METHOD_MATCH = YES;
				CODE_SIGN_IDENTITY = "-";
				COPY_PHASE_STRIP = NO;
				DEBUG_INFORMATION_FORMAT = "dwarf-with-dsym";
				ENABLE_NS_ASSERTIONS = NO;
				ENABLE_STRICT_OBJC_MSGSEND = YES;
				GCC_C_LANGUAGE_STANDARD = gnu99;
				GCC_NO_COMMON_BLOCKS = YES;
				GCC_WARN_64_TO_32_BIT_CONVERSION = YES;
				GCC_WARN_ABOUT_RETURN_TYPE = YES_ERROR;
				GCC_WARN_UNDECLARED_SELECTOR = YES;
				GCC_WARN_UNINITIALIZED_AUTOS = YES_AGGRESSIVE;
				GCC_WARN_UNUSED_FUNCTION = YES;
				GCC_WARN_UNUSED_VARIABLE = YES;
				MACOSX_DEPLOYMENT_TARGET = 10.11;
				MTL_ENABLE_DEBUG_INFO = NO;
				SDKROOT = macosx;
			};
			name = Release;
		};
		D761CA031E98E7C10093F74E /* Debug */ = {
			isa = XCBuildConfiguration;
			buildSettings = {
				PRODUCT_NAME = "$(TARGET_NAME)";
			};
			name = Debug;
		};
		D761CA041E98E7C10093F74E /* Release */ = {
			isa = XCBuildConfiguration;
			buildSettings = {
				PRODUCT_NAME = "$(TARGET_NAME)";
			};
			name = Release;
		};
/* End XCBuildConfiguration section */

/* Begin XCConfigurationList section */
		D761C9F61E98E7C10093F74E /* Build configuration list for PBXProject "Test" */ = {
			isa = XCConfigurationList;
			buildConfigurations = (
				D761CA001E98E7C10093F74E /* Debug */,
				D761CA011E98E7C10093F74E /* Release */,
			);
			defaultConfigurationIsVisible = 0;
			defaultConfigurationName = Release;
		};
		D761CA021E98E7C10093F74E /* Build configuration list for PBXNativeTarget "Test" */ = {
			isa = XCConfigurationList;
			buildConfigurations = (
				D761CA031E98E7C10093F74E /* Debug */,
				D761CA041E98E7C10093F74E /* Release */,
			);
			defaultConfigurationIsVisible = 0;
			defaultConfigurationName = Release;
		};
/* End XCConfigurationList section */
	};
	rootObject = D761C9F31E98E7C10093F74E /* Project object */;
}
